// !$*UTF8*$!
{
	archiveVersion = 1;
	classes = {
	};
	objectVersion = 46;
	objects = {

/* Begin PBXBuildFile section */
		3627ABED1EC542CC0009D18D /* AppDelegate.swift in Sources */ = {isa = PBXBuildFile; fileRef = 3627ABEC1EC542CC0009D18D /* AppDelegate.swift */; };
		3627ABF41EC542CC0009D18D /* Assets.xcassets in Resources */ = {isa = PBXBuildFile; fileRef = 3627ABF31EC542CC0009D18D /* Assets.xcassets */; };
		3627ABF71EC542CC0009D18D /* LaunchScreen.storyboard in Resources */ = {isa = PBXBuildFile; fileRef = 3627ABF51EC542CC0009D18D /* LaunchScreen.storyboard */; };
		3627AC011EC548CB0009D18D /* Storyboard.storyboard in Resources */ = {isa = PBXBuildFile; fileRef = 3627AC001EC548CB0009D18D /* Storyboard.storyboard */; };
		3627AC031EC549640009D18D /* NumbersTableViewController.swift in Sources */ = {isa = PBXBuildFile; fileRef = 3627AC021EC549640009D18D /* NumbersTableViewController.swift */; };
/* End PBXBuildFile section */

/* Begin PBXFileReference section */
		3627ABE91EC542CC0009D18D /* Class1IOS_B.app */ = {isa = PBXFileReference; explicitFileType = wrapper.application; includeInIndex = 0; path = Class1IOS_B.app; sourceTree = BUILT_PRODUCTS_DIR; };
		3627ABEC1EC542CC0009D18D /* AppDelegate.swift */ = {isa = PBXFileReference; lastKnownFileType = sourcecode.swift; path = AppDelegate.swift; sourceTree = "<group>"; };
		3627ABF31EC542CC0009D18D /* Assets.xcassets */ = {isa = PBXFileReference; lastKnownFileType = folder.assetcatalog; path = Assets.xcassets; sourceTree = "<group>"; };
		3627ABF61EC542CC0009D18D /* Base */ = {isa = PBXFileReference; lastKnownFileType = file.storyboard; name = Base; path = Base.lproj/LaunchScreen.storyboard; sourceTree = "<group>"; };
		3627ABF81EC542CC0009D18D /* Info.plist */ = {isa = PBXFileReference; lastKnownFileType = text.plist.xml; path = Info.plist; sourceTree = "<group>"; };
		3627AC001EC548CB0009D18D /* Storyboard.storyboard */ = {isa = PBXFileReference; fileEncoding = 4; lastKnownFileType = file.storyboard; path = Storyboard.storyboard; sourceTree = "<group>"; };
		3627AC021EC549640009D18D /* NumbersTableViewController.swift */ = {isa = PBXFileReference; fileEncoding = 4; lastKnownFileType = sourcecode.swift; path = NumbersTableViewController.swift; sourceTree = "<group>"; };
/* End PBXFileReference section */

/* Begin PBXFrameworksBuildPhase section */
		3627ABE61EC542CC0009D18D /* Frameworks */ = {
			isa = PBXFrameworksBuildPhase;
			buildActionMask = 2147483647;
			files = (
			);
			runOnlyForDeploymentPostprocessing = 0;
		};
/* End PBXFrameworksBuildPhase section */

/* Begin PBXGroup section */
		3627ABE01EC542CC0009D18D = {
			isa = PBXGroup;
			children = (
				3627ABEB1EC542CC0009D18D /* Class1IOS_B */,
				3627ABEA1EC542CC0009D18D /* Products */,
			);
			sourceTree = "<group>";
		};
		3627ABEA1EC542CC0009D18D /* Products */ = {
			isa = PBXGroup;
			children = (
				3627ABE91EC542CC0009D18D /* Class1IOS_B.app */,
			);
			name = Products;
			sourceTree = "<group>";
		};
		3627ABEB1EC542CC0009D18D /* Class1IOS_B */ = {
			isa = PBXGroup;
			children = (
				3627ABEC1EC542CC0009D18D /* AppDelegate.swift */,
				3627ABF31EC542CC0009D18D /* Assets.xcassets */,
				3627ABF51EC542CC0009D18D /* LaunchScreen.storyboard */,
				3627ABF81EC542CC0009D18D /* Info.plist */,
				3627AC001EC548CB0009D18D /* Storyboard.storyboard */,
				3627AC021EC549640009D18D /* NumbersTableViewController.swift */,
			);
			path = Class1IOS_B;
			sourceTree = "<group>";
		};
/* End PBXGroup section */

/* Begin PBXNativeTarget section */
		3627ABE81EC542CC0009D18D /* Class1IOS_B */ = {
			isa = PBXNativeTarget;
			buildConfigurationList = 3627ABFB1EC542CC0009D18D /* Build configuration list for PBXNativeTarget "Class1IOS_B" */;
			buildPhases = (
				3627ABE51EC542CC0009D18D /* Sources */,
				3627ABE61EC542CC0009D18D /* Frameworks */,
				3627ABE71EC542CC0009D18D /* Resources */,
			);
			buildRules = (
			);
			dependencies = (
			);
			name = Class1IOS_B;
			productName = Class1IOS_B;
			productReference = 3627ABE91EC542CC0009D18D /* Class1IOS_B.app */;
			productType = "com.apple.product-type.application";
		};
/* End PBXNativeTarget section */

/* Begin PBXProject section */
		3627ABE11EC542CC0009D18D /* Project object */ = {
			isa = PBXProject;
			attributes = {
				LastSwiftUpdateCheck = 0830;
				LastUpgradeCheck = 0830;
				ORGANIZATIONNAME = "Mauricio Rojas Vindas";
				TargetAttributes = {
					3627ABE81EC542CC0009D18D = {
						CreatedOnToolsVersion = 8.3.2;
						ProvisioningStyle = Automatic;
					};
				};
			};
			buildConfigurationList = 3627ABE41EC542CC0009D18D /* Build configuration list for PBXProject "Class1IOS_B" */;
			compatibilityVersion = "Xcode 3.2";
			developmentRegion = English;
			hasScannedForEncodings = 0;
			knownRegions = (
				en,
				Base,
			);
			mainGroup = 3627ABE01EC542CC0009D18D;
			productRefGroup = 3627ABEA1EC542CC0009D18D /* Products */;
			projectDirPath = "";
			projectRoot = "";
			targets = (
				3627ABE81EC542CC0009D18D /* Class1IOS_B */,
			);
		};
/* End PBXProject section */

/* Begin PBXResourcesBuildPhase section */
		3627ABE71EC542CC0009D18D /* Resources */ = {
			isa = PBXResourcesBuildPhase;
			buildActionMask = 2147483647;
			files = (
				3627ABF71EC542CC0009D18D /* LaunchScreen.storyboard in Resources */,
				3627ABF41EC542CC0009D18D /* Assets.xcassets in Resources */,
				3627AC011EC548CB0009D18D /* Storyboard.storyboard in Resources */,
			);
			runOnlyForDeploymentPostprocessing = 0;
		};
/* End PBXResourcesBuildPhase section */

/* Begin PBXSourcesBuildPhase section */
		3627ABE51EC542CC0009D18D /* Sources */ = {
			isa = PBXSourcesBuildPhase;
			buildActionMask = 2147483647;
			files = (
				3627AC031EC549640009D18D /* NumbersTableViewController.swift in Sources */,
				3627ABED1EC542CC0009D18D /* AppDelegate.swift in Sources */,
			);
			runOnlyForDeploymentPostprocessing = 0;
		};
/* End PBXSourcesBuildPhase section */

/* Begin PBXVariantGroup section */
		3627ABF51EC542CC0009D18D /* LaunchScreen.storyboard */ = {
			isa = PBXVariantGroup;
			children = (
				3627ABF61EC542CC0009D18D /* Base */,
			);
			name = LaunchScreen.storyboard;
			sourceTree = "<group>";
		};
/* End PBXVariantGroup section */

/* Begin XCBuildConfiguration section */
		3627ABF91EC542CC0009D18D /* Debug */ = {
			isa = XCBuildConfiguration;
			buildSettings = {
				ALWAYS_SEARCH_USER_PATHS = NO;
				CLANG_ANALYZER_NONNULL = YES;
				CLANG_ANALYZER_NUMBER_OBJECT_CONVERSION = YES_AGGRESSIVE;
				CLANG_CXX_LANGUAGE_STANDARD = "gnu++0x";
				CLANG_CXX_LIBRARY = "libc++";
				CLANG_ENABLE_MODULES = YES;
				CLANG_ENABLE_OBJC_ARC = YES;
				CLANG_WARN_BOOL_CONVERSION = YES;
				CLANG_WARN_CONSTANT_CONVERSION = YES;
				CLANG_WARN_DIRECT_OBJC_ISA_USAGE = YES_ERROR;
				CLANG_WARN_DOCUMENTATION_COMMENTS = YES;
				CLANG_WARN_EMPTY_BODY = YES;
				CLANG_WARN_ENUM_CONVERSION = YES;
				CLANG_WARN_INFINITE_RECURSION = YES;
				CLANG_WARN_INT_CONVERSION = YES;
				CLANG_WARN_OBJC_ROOT_CLASS = YES_ERROR;
				CLANG_WARN_SUSPICIOUS_MOVE = YES;
				CLANG_WARN_UNREACHABLE_CODE = YES;
				CLANG_WARN__DUPLICATE_METHOD_MATCH = YES;
				"CODE_SIGN_IDENTITY[sdk=iphoneos*]" = "iPhone Developer";
				COPY_PHASE_STRIP = NO;
				DEBUG_INFORMATION_FORMAT = dwarf;
				ENABLE_STRICT_OBJC_MSGSEND = YES;
				ENABLE_TESTABILITY = YES;
				GCC_C_LANGUAGE_STANDARD = gnu99;
				GCC_DYNAMIC_NO_PIC = NO;
				GCC_NO_COMMON_BLOCKS = YES;
				GCC_OPTIMIZATION_LEVEL = 0;
				GCC_PREPROCESSOR_DEFINITIONS = (
					"DEBUG=1",
					"$(inherited)",
				);
				GCC_WARN_64_TO_32_BIT_CONVERSION = YES;
				GCC_WARN_ABOUT_RETURN_TYPE = YES_ERROR;
				GCC_WARN_UNDECLARED_SELECTOR = YES;
				GCC_WARN_UNINITIALIZED_AUTOS = YES_AGGRESSIVE;
				GCC_WARN_UNUSED_FUNCTION = YES;
				GCC_WARN_UNUSED_VARIABLE = YES;
				IPHONEOS_DEPLOYMENT_TARGET = 10.3;
				MTL_ENABLE_DEBUG_INFO = YES;
				ONLY_ACTIVE_ARCH = YES;
				SDKROOT = iphoneos;
				SWIFT_ACTIVE_COMPILATION_CONDITIONS = DEBUG;
				SWIFT_OPTIMIZATION_LEVEL = "-Onone";
			};
			name = Debug;
		};
		3627ABFA1EC542CC0009D18D /* Release */ = {
			isa = XCBuildConfiguration;
			buildSettings = {
				ALWAYS_SEARCH_USER_PATHS = NO;
				CLANG_ANALYZER_NONNULL = YES;
				CLANG_ANALYZER_NUMBER_OBJECT_CONVERSION = YES_AGGRESSIVE;
				CLANG_CXX_LANGUAGE_STANDARD = "gnu++0x";
				CLANG_CXX_LIBRARY = "libc++";
				CLANG_ENABLE_MODULES = YES;
				CLANG_ENABLE_OBJC_ARC = YES;
				CLANG_WARN_BOOL_CONVERSION = YES;
				CLANG_WARN_CONSTANT_CONVERSION = YES;
				CLANG_WARN_DIRECT_OBJC_ISA_USAGE = YES_ERROR;
				CLANG_WARN_DOCUMENTATION_COMMENTS = YES;
				CLANG_WARN_EMPTY_BODY = YES;
				CLANG_WARN_ENUM_CONVERSION = YES;
				CLANG_WARN_INFINITE_RECURSION = YES;
				CLANG_WARN_INT_CONVERSION = YES;
				CLANG_WARN_OBJC_ROOT_CLASS = YES_ERROR;
				CLANG_WARN_SUSPICIOUS_MOVE = YES;
				CLANG_WARN_UNREACHABLE_CODE = YES;
				CLANG_WARN__DUPLICATE_METHOD_MATCH = YES;
				"CODE_SIGN_IDENTITY[sdk=iphoneos*]" = "iPhone Developer";
				COPY_PHASE_STRIP = NO;
				DEBUG_INFORMATION_FORMAT = "dwarf-with-dsym";
				ENABLE_NS_ASSERTIONS = NO;
				ENABLE_STRICT_OBJC_MSGSEND = YES;
				GCC_C_LANGUAGE_STANDARD = gnu99;
				GCC_NO_COMMON_BLOCKS = YES;
				GCC_WARN_64_TO_32_BIT_CONVERSION = YES;
				GCC_WARN_ABOUT_RETURN_TYPE = YES_ERROR;
				GCC_WARN_UNDECLARED_SELECTOR = YES;
				GCC_WARN_UNINITIALIZED_AUTOS = YES_AGGRESSIVE;
				GCC_WARN_UNUSED_FUNCTION = YES;
				GCC_WARN_UNUSED_VARIABLE = YES;
				IPHONEOS_DEPLOYMENT_TARGET = 10.3;
				MTL_ENABLE_DEBUG_INFO = NO;
				SDKROOT = iphoneos;
				SWIFT_OPTIMIZATION_LEVEL = "-Owholemodule";
				VALIDATE_PRODUCT = YES;
			};
			name = Release;
		};
		3627ABFC1EC542CC0009D18D /* Debug */ = {
			isa = XCBuildConfiguration;
			buildSettings = {
				ASSETCATALOG_COMPILER_APPICON_NAME = AppIcon;
				INFOPLIST_FILE = Class1IOS_B/Info.plist;
				LD_RUNPATH_SEARCH_PATHS = "$(inherited) @executable_path/Frameworks";
				PRODUCT_BUNDLE_IDENTIFIER = "Billin-Inc.Class1IOS-B";
				PRODUCT_NAME = "$(TARGET_NAME)";
				SWIFT_VERSION = 3.0;
			};
			name = Debug;
		};
		3627ABFD1EC542CC0009D18D /* Release */ = {
			isa = XCBuildConfiguration;
			buildSettings = {
				ASSETCATALOG_COMPILER_APPICON_NAME = AppIcon;
				INFOPLIST_FILE = Class1IOS_B/Info.plist;
				LD_RUNPATH_SEARCH_PATHS = "$(inherited) @executable_path/Frameworks";
				PRODUCT_BUNDLE_IDENTIFIER = "Billin-Inc.Class1IOS-B";
				PRODUCT_NAME = "$(TARGET_NAME)";
				SWIFT_VERSION = 3.0;
			};
			name = Release;
		};
/* End XCBuildConfiguration section */

/* Begin XCConfigurationList section */
		3627ABE41EC542CC0009D18D /* Build configuration list for PBXProject "Class1IOS_B" */ = {
			isa = XCConfigurationList;
			buildConfigurations = (
				3627ABF91EC542CC0009D18D /* Debug */,
				3627ABFA1EC542CC0009D18D /* Release */,
			);
			defaultConfigurationIsVisible = 0;
			defaultConfigurationName = Release;
		};
		3627ABFB1EC542CC0009D18D /* Build configuration list for PBXNativeTarget "Class1IOS_B" */ = {
			isa = XCConfigurationList;
			buildConfigurations = (
				3627ABFC1EC542CC0009D18D /* Debug */,
				3627ABFD1EC542CC0009D18D /* Release */,
			);
			defaultConfigurationIsVisible = 0;
		};
/* End XCConfigurationList section */
	};
	rootObject = 3627ABE11EC542CC0009D18D /* Project object */;
}
